{
  "name": "ecommerce",
  "lockfileVersion": 3,
  "requires": true,
  "packages": {
    "": {
      "dependencies": {
        "nestjs-paginate": "^12.3.0"
      }
    },
    "node_modules/lodash": {
      "version": "4.17.21",
      "resolved": "https://registry.npmjs.org/lodash/-/lodash-4.17.21.tgz",
      "integrity": "sha512-v2kDEe57lecTulaDIuNTPy3Ry4gLGJ6Z1O3vE1krgXZNrsQ+LFTGHVxVjcXPs17LhbZVGedAJv8XZ1tvj5FvSg==",
      "license": "MIT"
    },
    "node_modules/nestjs-paginate": {
      "version": "12.4.0",
      "resolved": "https://registry.npmjs.org/nestjs-paginate/-/nestjs-paginate-12.4.0.tgz",
      "integrity": "sha512-RC/wLphT4UqVy7VaHp54HLofMlpCRH3U4Nmh6IIeve3Q8iQYUoUa1Xg/kmyufrt3PKiMJx4f49ubdFMU2LXYgA==",
      "license": "MIT",
      "dependencies": {
        "lodash": "^4.17.21"
      },
      "peerDependencies": {
        "@nestjs/common": "^10.0.0 || ^11.0.0",
        "@nestjs/swagger": "^8.0.0 || ^11.0.0",
        "express": "^4.21.2 || ^5.0.0",
        "fastify": "^4.0.0 || ^5.0.0",
        "typeorm": "^0.3.17"
      }
    }
  }
}
